
Microsoft Visual Studio Solution File, Format Version 12.00
# Visual Studio Version 17
VisualStudioVersion = 17.9.34622.214
MinimumVisualStudioVersion = 10.0.40219.1
Project("{FAE04EC0-301F-11D3-BF4B-00C04F79EFBC}") = "Convenciones", "Convenciones\Convenciones.csproj", "{B0224D56-A429-437A-A9FC-0315A8D5714F}"
EndProject
Global
	GlobalSection(SolutionConfigurationPlatforms) = preSolution
		Debug|Any CPU = Debug|Any CPU
		Release|Any CPU = Release|Any CPU
	EndGlobalSection
	GlobalSection(ProjectConfigurationPlatforms) = postSolution
		{B0224D56-A429-437A-A9FC-0315A8D5714F}.Debug|Any CPU.ActiveCfg = Debug|Any CPU
		{B0224D56-A429-437A-A9FC-0315A8D5714F}.Debug|Any CPU.Build.0 = Debug|Any CPU
		{B0224D56-A429-437A-A9FC-0315A8D5714F}.Release|Any CPU.ActiveCfg = Release|Any CPU
		{B0224D56-A429-437A-A9FC-0315A8D5714F}.Release|Any CPU.Build.0 = Release|Any CPU
	EndGlobalSection
	GlobalSection(SolutionProperties) = preSolution
		HideSolutionNode = FALSE
	EndGlobalSection
	GlobalSection(ExtensibilityGlobals) = postSolution
		SolutionGuid = {03C19E0E-7D27-4B5E-9119-008727AC776E}
	EndGlobalSection
EndGlobal
