
Microsoft Visual Studio Solution File, Format Version 12.00
# Visual Studio Version 17
VisualStudioVersion = 17.10.35027.167
MinimumVisualStudioVersion = 10.0.40219.1
Project("{9A19103F-16F7-4668-BE54-9A1E7A4F7556}") = "Clases y objetos", "Clases y objetos\Clases y objetos.csproj", "{A2B6BBEA-3BD6-4502-AA8E-64CB16337A94}"
EndProject
Global
	GlobalSection(SolutionConfigurationPlatforms) = preSolution
		Debug|Any CPU = Debug|Any CPU
		Release|Any CPU = Release|Any CPU
	EndGlobalSection
	GlobalSection(ProjectConfigurationPlatforms) = postSolution
		{A2B6BBEA-3BD6-4502-AA8E-64CB16337A94}.Debug|Any CPU.ActiveCfg = Debug|Any CPU
		{A2B6BBEA-3BD6-4502-AA8E-64CB16337A94}.Debug|Any CPU.Build.0 = Debug|Any CPU
		{A2B6BBEA-3BD6-4502-AA8E-64CB16337A94}.Release|Any CPU.ActiveCfg = Release|Any CPU
		{A2B6BBEA-3BD6-4502-AA8E-64CB16337A94}.Release|Any CPU.Build.0 = Release|Any CPU
	EndGlobalSection
	GlobalSection(SolutionProperties) = preSolution
		HideSolutionNode = FALSE
	EndGlobalSection
	GlobalSection(ExtensibilityGlobals) = postSolution
		SolutionGuid = {84D438FD-C374-4343-B08E-C9F1713C1628}
	EndGlobalSection
EndGlobal
