
Microsoft Visual Studio Solution File, Format Version 12.00
# Visual Studio Version 17
VisualStudioVersion = 17.10.35122.118
MinimumVisualStudioVersion = 10.0.40219.1
Project("{9A19103F-16F7-4668-BE54-9A1E7A4F7556}") = "Calculadora simple", "Calculadora simple\Calculadora simple.csproj", "{F11015B8-A449-486B-A62F-CB5F7A0DD818}"
EndProject
Global
	GlobalSection(SolutionConfigurationPlatforms) = preSolution
		Debug|Any CPU = Debug|Any CPU
		Release|Any CPU = Release|Any CPU
	EndGlobalSection
	GlobalSection(ProjectConfigurationPlatforms) = postSolution
		{F11015B8-A449-486B-A62F-CB5F7A0DD818}.Debug|Any CPU.ActiveCfg = Debug|Any CPU
		{F11015B8-A449-486B-A62F-CB5F7A0DD818}.Debug|Any CPU.Build.0 = Debug|Any CPU
		{F11015B8-A449-486B-A62F-CB5F7A0DD818}.Release|Any CPU.ActiveCfg = Release|Any CPU
		{F11015B8-A449-486B-A62F-CB5F7A0DD818}.Release|Any CPU.Build.0 = Release|Any CPU
	EndGlobalSection
	GlobalSection(SolutionProperties) = preSolution
		HideSolutionNode = FALSE
	EndGlobalSection
	GlobalSection(ExtensibilityGlobals) = postSolution
		SolutionGuid = {0F2302FC-2942-4799-9091-B2A5B557E73B}
	EndGlobalSection
EndGlobal
